
Microsoft Visual Studio Solution File, Format Version 12.00
# Visual Studio Version 17
VisualStudioVersion = 17.2.32526.322
MinimumVisualStudioVersion = 10.0.40219.1
Project("{FAE04EC0-301F-11D3-BF4B-00C04F79EFBC}") = "Kottong-Portfolio", "Kottong-Portfolio.csproj", "{541D3E71-AAF4-4627-8971-24F826167642}"
EndProject
Global
	GlobalSection(SolutionConfigurationPlatforms) = preSolution
		Debug|Any CPU = Debug|Any CPU
		Release|Any CPU = Release|Any CPU
	EndGlobalSection
	GlobalSection(ProjectConfigurationPlatforms) = postSolution
		{541D3E71-AAF4-4627-8971-24F826167642}.Debug|Any CPU.ActiveCfg = Debug|Any CPU
		{541D3E71-AAF4-4627-8971-24F826167642}.Debug|Any CPU.Build.0 = Debug|Any CPU
		{541D3E71-AAF4-4627-8971-24F826167642}.Release|Any CPU.ActiveCfg = Release|Any CPU
		{541D3E71-AAF4-4627-8971-24F826167642}.Release|Any CPU.Build.0 = Release|Any CPU
	EndGlobalSection
	GlobalSection(SolutionProperties) = preSolution
		HideSolutionNode = FALSE
	EndGlobalSection
	GlobalSection(ExtensibilityGlobals) = postSolution
		SolutionGuid = {703FF04E-AA42-4817-B1DD-65F7BE21BD8E}
	EndGlobalSection
EndGlobal
